
Microsoft Visual Studio Solution File, Format Version 12.00
# Visual Studio Version 16
VisualStudioVersion = 16.0.30204.135
MinimumVisualStudioVersion = 10.0.40219.1
Project("{FAE04EC0-301F-11D3-BF4B-00C04F79EFBC}") = "Mastermind", "Mastermind\Mastermind.csproj", "{40AD325B-6080-4534-990B-C95D827A5B1E}"
EndProject
Global
	GlobalSection(SolutionConfigurationPlatforms) = preSolution
		Debug|Any CPU = Debug|Any CPU
		Release|Any CPU = Release|Any CPU
	EndGlobalSection
	GlobalSection(ProjectConfigurationPlatforms) = postSolution
		{40AD325B-6080-4534-990B-C95D827A5B1E}.Debug|Any CPU.ActiveCfg = Debug|Any CPU
		{40AD325B-6080-4534-990B-C95D827A5B1E}.Debug|Any CPU.Build.0 = Debug|Any CPU
		{40AD325B-6080-4534-990B-C95D827A5B1E}.Release|Any CPU.ActiveCfg = Release|Any CPU
		{40AD325B-6080-4534-990B-C95D827A5B1E}.Release|Any CPU.Build.0 = Release|Any CPU
	EndGlobalSection
	GlobalSection(SolutionProperties) = preSolution
		HideSolutionNode = FALSE
	EndGlobalSection
	GlobalSection(ExtensibilityGlobals) = postSolution
		SolutionGuid = {BB1D7442-0E95-44C0-888C-56DE47A2FB0F}
	EndGlobalSection
EndGlobal
